
Microsoft Visual Studio Solution File, Format Version 12.00
Project("{F2A71F9B-5D33-465A-A702-920D77279786}") = "BackgroundTasksSample", "BackgroundTasksSample.fsproj", "{D80AC534-11FB-4075-9989-86D2AEC4DDD2}"
EndProject
Global
	GlobalSection(SolutionConfigurationPlatforms) = preSolution
		Debug|Any CPU = Debug|Any CPU
		Release|Any CPU = Release|Any CPU
	EndGlobalSection
	GlobalSection(ProjectConfigurationPlatforms) = postSolution
		{D80AC534-11FB-4075-9989-86D2AEC4DDD2}.Debug|Any CPU.ActiveCfg = Debug|Any CPU
		{D80AC534-11FB-4075-9989-86D2AEC4DDD2}.Debug|Any CPU.Build.0 = Debug|Any CPU
		{D80AC534-11FB-4075-9989-86D2AEC4DDD2}.Release|Any CPU.ActiveCfg = Release|Any CPU
		{D80AC534-11FB-4075-9989-86D2AEC4DDD2}.Release|Any CPU.Build.0 = Release|Any CPU
	EndGlobalSection
EndGlobal
